
Microsoft Visual Studio Solution File, Format Version 12.00
# Visual Studio 15
VisualStudioVersion = 15.0.26124.0
MinimumVisualStudioVersion = 15.0.26124.0
Project("{FAE04EC0-301F-11D3-BF4B-00C04F79EFBC}") = "ScrumToolbox.ProductBacklogs", "ScrumToolbox.ProductBacklogs\ScrumToolbox.ProductBacklogs.csproj", "{EB0B7EE0-E64D-4C46-88FB-62AB7826EA9B}"
EndProject
Project("{FAE04EC0-301F-11D3-BF4B-00C04F79EFBC}") = "ScrumToolbox.WebApi", "ScrumToolbox.WebApi\ScrumToolbox.WebApi.csproj", "{1B1D1C39-BC9C-42E9-8B16-574A8336BEAD}"
EndProject
Project("{FAE04EC0-301F-11D3-BF4B-00C04F79EFBC}") = "ScrumToolbox.WebApp.Tests", "ScrumToolbox.WebApp.Tests\ScrumToolbox.WebApp.Tests.csproj", "{B1424F06-072E-4AD2-B362-AFD66B5E434A}"
EndProject
Project("{FAE04EC0-301F-11D3-BF4B-00C04F79EFBC}") = "ScrumToolbox.TestingUtils", "ScrumToolbox.TestingUtils\ScrumToolbox.TestingUtils.csproj", "{4D395BA1-72E2-4BBD-AE5E-DE86F92AFEEE}"
EndProject
Project("{FAE04EC0-301F-11D3-BF4B-00C04F79EFBC}") = "ScrumToolbox.WebApp", "ScrumToolbox.WebApp\ScrumToolbox.WebApp.csproj", "{FD1139AE-49F9-4FF0-8AF9-6F0C59C24BD1}"
EndProject
Global
	GlobalSection(SolutionProperties) = preSolution
		HideSolutionNode = FALSE
	EndGlobalSection
	GlobalSection(SolutionConfigurationPlatforms) = preSolution
		Debug|Any CPU = Debug|Any CPU
		Debug|x64 = Debug|x64
		Debug|x86 = Debug|x86
		Release|Any CPU = Release|Any CPU
		Release|x64 = Release|x64
		Release|x86 = Release|x86
	EndGlobalSection
	GlobalSection(ProjectConfigurationPlatforms) = postSolution
		{EB0B7EE0-E64D-4C46-88FB-62AB7826EA9B}.Debug|Any CPU.ActiveCfg = Debug|Any CPU
		{EB0B7EE0-E64D-4C46-88FB-62AB7826EA9B}.Debug|Any CPU.Build.0 = Debug|Any CPU
		{EB0B7EE0-E64D-4C46-88FB-62AB7826EA9B}.Debug|x64.ActiveCfg = Debug|Any CPU
		{EB0B7EE0-E64D-4C46-88FB-62AB7826EA9B}.Debug|x64.Build.0 = Debug|Any CPU
		{EB0B7EE0-E64D-4C46-88FB-62AB7826EA9B}.Debug|x86.ActiveCfg = Debug|Any CPU
		{EB0B7EE0-E64D-4C46-88FB-62AB7826EA9B}.Debug|x86.Build.0 = Debug|Any CPU
		{EB0B7EE0-E64D-4C46-88FB-62AB7826EA9B}.Release|Any CPU.ActiveCfg = Release|Any CPU
		{EB0B7EE0-E64D-4C46-88FB-62AB7826EA9B}.Release|Any CPU.Build.0 = Release|Any CPU
		{EB0B7EE0-E64D-4C46-88FB-62AB7826EA9B}.Release|x64.ActiveCfg = Release|Any CPU
		{EB0B7EE0-E64D-4C46-88FB-62AB7826EA9B}.Release|x64.Build.0 = Release|Any CPU
		{EB0B7EE0-E64D-4C46-88FB-62AB7826EA9B}.Release|x86.ActiveCfg = Release|Any CPU
		{EB0B7EE0-E64D-4C46-88FB-62AB7826EA9B}.Release|x86.Build.0 = Release|Any CPU
		{1B1D1C39-BC9C-42E9-8B16-574A8336BEAD}.Debug|Any CPU.ActiveCfg = Debug|Any CPU
		{1B1D1C39-BC9C-42E9-8B16-574A8336BEAD}.Debug|Any CPU.Build.0 = Debug|Any CPU
		{1B1D1C39-BC9C-42E9-8B16-574A8336BEAD}.Debug|x64.ActiveCfg = Debug|Any CPU
		{1B1D1C39-BC9C-42E9-8B16-574A8336BEAD}.Debug|x64.Build.0 = Debug|Any CPU
		{1B1D1C39-BC9C-42E9-8B16-574A8336BEAD}.Debug|x86.ActiveCfg = Debug|Any CPU
		{1B1D1C39-BC9C-42E9-8B16-574A8336BEAD}.Debug|x86.Build.0 = Debug|Any CPU
		{1B1D1C39-BC9C-42E9-8B16-574A8336BEAD}.Release|Any CPU.ActiveCfg = Release|Any CPU
		{1B1D1C39-BC9C-42E9-8B16-574A8336BEAD}.Release|Any CPU.Build.0 = Release|Any CPU
		{1B1D1C39-BC9C-42E9-8B16-574A8336BEAD}.Release|x64.ActiveCfg = Release|Any CPU
		{1B1D1C39-BC9C-42E9-8B16-574A8336BEAD}.Release|x64.Build.0 = Release|Any CPU
		{1B1D1C39-BC9C-42E9-8B16-574A8336BEAD}.Release|x86.ActiveCfg = Release|Any CPU
		{1B1D1C39-BC9C-42E9-8B16-574A8336BEAD}.Release|x86.Build.0 = Release|Any CPU
		{B1424F06-072E-4AD2-B362-AFD66B5E434A}.Debug|Any CPU.ActiveCfg = Debug|Any CPU
		{B1424F06-072E-4AD2-B362-AFD66B5E434A}.Debug|Any CPU.Build.0 = Debug|Any CPU
		{B1424F06-072E-4AD2-B362-AFD66B5E434A}.Debug|x64.ActiveCfg = Debug|Any CPU
		{B1424F06-072E-4AD2-B362-AFD66B5E434A}.Debug|x64.Build.0 = Debug|Any CPU
		{B1424F06-072E-4AD2-B362-AFD66B5E434A}.Debug|x86.ActiveCfg = Debug|Any CPU
		{B1424F06-072E-4AD2-B362-AFD66B5E434A}.Debug|x86.Build.0 = Debug|Any CPU
		{B1424F06-072E-4AD2-B362-AFD66B5E434A}.Release|Any CPU.ActiveCfg = Release|Any CPU
		{B1424F06-072E-4AD2-B362-AFD66B5E434A}.Release|Any CPU.Build.0 = Release|Any CPU
		{B1424F06-072E-4AD2-B362-AFD66B5E434A}.Release|x64.ActiveCfg = Release|Any CPU
		{B1424F06-072E-4AD2-B362-AFD66B5E434A}.Release|x64.Build.0 = Release|Any CPU
		{B1424F06-072E-4AD2-B362-AFD66B5E434A}.Release|x86.ActiveCfg = Release|Any CPU
		{B1424F06-072E-4AD2-B362-AFD66B5E434A}.Release|x86.Build.0 = Release|Any CPU
		{4D395BA1-72E2-4BBD-AE5E-DE86F92AFEEE}.Debug|Any CPU.ActiveCfg = Debug|Any CPU
		{4D395BA1-72E2-4BBD-AE5E-DE86F92AFEEE}.Debug|Any CPU.Build.0 = Debug|Any CPU
		{4D395BA1-72E2-4BBD-AE5E-DE86F92AFEEE}.Debug|x64.ActiveCfg = Debug|Any CPU
		{4D395BA1-72E2-4BBD-AE5E-DE86F92AFEEE}.Debug|x64.Build.0 = Debug|Any CPU
		{4D395BA1-72E2-4BBD-AE5E-DE86F92AFEEE}.Debug|x86.ActiveCfg = Debug|Any CPU
		{4D395BA1-72E2-4BBD-AE5E-DE86F92AFEEE}.Debug|x86.Build.0 = Debug|Any CPU
		{4D395BA1-72E2-4BBD-AE5E-DE86F92AFEEE}.Release|Any CPU.ActiveCfg = Release|Any CPU
		{4D395BA1-72E2-4BBD-AE5E-DE86F92AFEEE}.Release|Any CPU.Build.0 = Release|Any CPU
		{4D395BA1-72E2-4BBD-AE5E-DE86F92AFEEE}.Release|x64.ActiveCfg = Release|Any CPU
		{4D395BA1-72E2-4BBD-AE5E-DE86F92AFEEE}.Release|x64.Build.0 = Release|Any CPU
		{4D395BA1-72E2-4BBD-AE5E-DE86F92AFEEE}.Release|x86.ActiveCfg = Release|Any CPU
		{4D395BA1-72E2-4BBD-AE5E-DE86F92AFEEE}.Release|x86.Build.0 = Release|Any CPU
		{FD1139AE-49F9-4FF0-8AF9-6F0C59C24BD1}.Debug|Any CPU.ActiveCfg = Debug|Any CPU
		{FD1139AE-49F9-4FF0-8AF9-6F0C59C24BD1}.Debug|Any CPU.Build.0 = Debug|Any CPU
		{FD1139AE-49F9-4FF0-8AF9-6F0C59C24BD1}.Debug|x64.ActiveCfg = Debug|Any CPU
		{FD1139AE-49F9-4FF0-8AF9-6F0C59C24BD1}.Debug|x64.Build.0 = Debug|Any CPU
		{FD1139AE-49F9-4FF0-8AF9-6F0C59C24BD1}.Debug|x86.ActiveCfg = Debug|Any CPU
		{FD1139AE-49F9-4FF0-8AF9-6F0C59C24BD1}.Debug|x86.Build.0 = Debug|Any CPU
		{FD1139AE-49F9-4FF0-8AF9-6F0C59C24BD1}.Release|Any CPU.ActiveCfg = Release|Any CPU
		{FD1139AE-49F9-4FF0-8AF9-6F0C59C24BD1}.Release|Any CPU.Build.0 = Release|Any CPU
		{FD1139AE-49F9-4FF0-8AF9-6F0C59C24BD1}.Release|x64.ActiveCfg = Release|Any CPU
		{FD1139AE-49F9-4FF0-8AF9-6F0C59C24BD1}.Release|x64.Build.0 = Release|Any CPU
		{FD1139AE-49F9-4FF0-8AF9-6F0C59C24BD1}.Release|x86.ActiveCfg = Release|Any CPU
		{FD1139AE-49F9-4FF0-8AF9-6F0C59C24BD1}.Release|x86.Build.0 = Release|Any CPU
	EndGlobalSection
EndGlobal
